
Microsoft Visual Studio Solution File, Format Version 12.00
# Visual Studio 15
VisualStudioVersion = 15.0.27130.2024
MinimumVisualStudioVersion = 10.0.40219.1
Project("{FAE04EC0-301F-11D3-BF4B-00C04F79EFBC}") = "ChakraCore.NET.Plugin.Drawing", "ChakraCore.NET.Plugin.Drawing\ChakraCore.NET.Plugin.Drawing.csproj", "{7A0DDD62-C87B-4145-99A3-AFC9379FF683}"
EndProject
Global
	GlobalSection(SolutionConfigurationPlatforms) = preSolution
		Debug|Any CPU = Debug|Any CPU
		Release|Any CPU = Release|Any CPU
	EndGlobalSection
	GlobalSection(ProjectConfigurationPlatforms) = postSolution
		{7A0DDD62-C87B-4145-99A3-AFC9379FF683}.Debug|Any CPU.ActiveCfg = Debug|Any CPU
		{7A0DDD62-C87B-4145-99A3-AFC9379FF683}.Debug|Any CPU.Build.0 = Debug|Any CPU
		{7A0DDD62-C87B-4145-99A3-AFC9379FF683}.Release|Any CPU.ActiveCfg = Release|Any CPU
		{7A0DDD62-C87B-4145-99A3-AFC9379FF683}.Release|Any CPU.Build.0 = Release|Any CPU
	EndGlobalSection
	GlobalSection(SolutionProperties) = preSolution
		HideSolutionNode = FALSE
	EndGlobalSection
	GlobalSection(ExtensibilityGlobals) = postSolution
		SolutionGuid = {0B712196-B1B2-43BE-98F4-3FE4B6599F46}
	EndGlobalSection
EndGlobal
